
Microsoft Visual Studio Solution File, Format Version 12.00
# Visual Studio Version 17
VisualStudioVersion = 17.4.33122.133
MinimumVisualStudioVersion = 10.0.40219.1
Project("{FAE04EC0-301F-11D3-BF4B-00C04F79EFBC}") = "UserData", "UserData\UserData.csproj", "{B3EE31CA-C67C-4D89-B580-0D7582AEB691}"
EndProject
Global
	GlobalSection(SolutionConfigurationPlatforms) = preSolution
		Debug|Any CPU = Debug|Any CPU
		Release|Any CPU = Release|Any CPU
	EndGlobalSection
	GlobalSection(ProjectConfigurationPlatforms) = postSolution
		{B3EE31CA-C67C-4D89-B580-0D7582AEB691}.Debug|Any CPU.ActiveCfg = Debug|Any CPU
		{B3EE31CA-C67C-4D89-B580-0D7582AEB691}.Debug|Any CPU.Build.0 = Debug|Any CPU
		{B3EE31CA-C67C-4D89-B580-0D7582AEB691}.Release|Any CPU.ActiveCfg = Release|Any CPU
		{B3EE31CA-C67C-4D89-B580-0D7582AEB691}.Release|Any CPU.Build.0 = Release|Any CPU
	EndGlobalSection
	GlobalSection(SolutionProperties) = preSolution
		HideSolutionNode = FALSE
	EndGlobalSection
	GlobalSection(ExtensibilityGlobals) = postSolution
		SolutionGuid = {56A5623E-0057-44D3-B575-FE080FA44360}
	EndGlobalSection
EndGlobal
